<?xml version="1.0" encoding="UTF-8"?>
<Project ToolsVersion="14.0" xmlns="http://schemas.microsoft.com/developer/msbuild/2003">
  <ItemGroup>
    <ClCompile Include="C:\Users\Adrian\Desktop\legionleaked\dep\protobuf\src\google\protobuf\compiler\importer.cc">
      <Filter>Source Files</Filter>
    </ClCompile>
    <ClCompile Include="C:\Users\Adrian\Desktop\legionleaked\dep\protobuf\src\google\protobuf\compiler\parser.cc">
      <Filter>Source Files</Filter>
    </ClCompile>
    <ClCompile Include="C:\Users\Adrian\Desktop\legionleaked\dep\protobuf\src\google\protobuf\descriptor.cc">
      <Filter>Source Files</Filter>
    </ClCompile>
    <ClCompile Include="C:\Users\Adrian\Desktop\legionleaked\dep\protobuf\src\google\protobuf\descriptor.pb.cc">
      <Filter>Source Files</Filter>
    </ClCompile>
    <ClCompile Include="C:\Users\Adrian\Desktop\legionleaked\dep\protobuf\src\google\protobuf\descriptor_database.cc">
      <Filter>Source Files</Filter>
    </ClCompile>
    <ClCompile Include="C:\Users\Adrian\Desktop\legionleaked\dep\protobuf\src\google\protobuf\dynamic_message.cc">
      <Filter>Source Files</Filter>
    </ClCompile>
    <ClCompile Include="C:\Users\Adrian\Desktop\legionleaked\dep\protobuf\src\google\protobuf\extension_set.cc">
      <Filter>Source Files</Filter>
    </ClCompile>
    <ClCompile Include="C:\Users\Adrian\Desktop\legionleaked\dep\protobuf\src\google\protobuf\extension_set_heavy.cc">
      <Filter>Source Files</Filter>
    </ClCompile>
    <ClCompile Include="C:\Users\Adrian\Desktop\legionleaked\dep\protobuf\src\google\protobuf\generated_message_reflection.cc">
      <Filter>Source Files</Filter>
    </ClCompile>
    <ClCompile Include="C:\Users\Adrian\Desktop\legionleaked\dep\protobuf\src\google\protobuf\generated_message_util.cc">
      <Filter>Source Files</Filter>
    </ClCompile>
    <ClCompile Include="C:\Users\Adrian\Desktop\legionleaked\dep\protobuf\src\google\protobuf\io\coded_stream.cc">
      <Filter>Source Files</Filter>
    </ClCompile>
    <ClCompile Include="C:\Users\Adrian\Desktop\legionleaked\dep\protobuf\src\google\protobuf\io\gzip_stream.cc">
      <Filter>Source Files</Filter>
    </ClCompile>
    <ClCompile Include="C:\Users\Adrian\Desktop\legionleaked\dep\protobuf\src\google\protobuf\io\printer.cc">
      <Filter>Source Files</Filter>
    </ClCompile>
    <ClCompile Include="C:\Users\Adrian\Desktop\legionleaked\dep\protobuf\src\google\protobuf\io\strtod.cc">
      <Filter>Source Files</Filter>
    </ClCompile>
    <ClCompile Include="C:\Users\Adrian\Desktop\legionleaked\dep\protobuf\src\google\protobuf\io\tokenizer.cc">
      <Filter>Source Files</Filter>
    </ClCompile>
    <ClCompile Include="C:\Users\Adrian\Desktop\legionleaked\dep\protobuf\src\google\protobuf\io\zero_copy_stream.cc">
      <Filter>Source Files</Filter>
    </ClCompile>
    <ClCompile Include="C:\Users\Adrian\Desktop\legionleaked\dep\protobuf\src\google\protobuf\io\zero_copy_stream_impl.cc">
      <Filter>Source Files</Filter>
    </ClCompile>
    <ClCompile Include="C:\Users\Adrian\Desktop\legionleaked\dep\protobuf\src\google\protobuf\io\zero_copy_stream_impl_lite.cc">
      <Filter>Source Files</Filter>
    </ClCompile>
    <ClCompile Include="C:\Users\Adrian\Desktop\legionleaked\dep\protobuf\src\google\protobuf\message.cc">
      <Filter>Source Files</Filter>
    </ClCompile>
    <ClCompile Include="C:\Users\Adrian\Desktop\legionleaked\dep\protobuf\src\google\protobuf\message_lite.cc">
      <Filter>Source Files</Filter>
    </ClCompile>
    <ClCompile Include="C:\Users\Adrian\Desktop\legionleaked\dep\protobuf\src\google\protobuf\reflection_ops.cc">
      <Filter>Source Files</Filter>
    </ClCompile>
    <ClCompile Include="C:\Users\Adrian\Desktop\legionleaked\dep\protobuf\src\google\protobuf\repeated_field.cc">
      <Filter>Source Files</Filter>
    </ClCompile>
    <ClCompile Include="C:\Users\Adrian\Desktop\legionleaked\dep\protobuf\src\google\protobuf\service.cc">
      <Filter>Source Files</Filter>
    </ClCompile>
    <ClCompile Include="C:\Users\Adrian\Desktop\legionleaked\dep\protobuf\src\google\protobuf\stubs\common.cc">
      <Filter>Source Files</Filter>
    </ClCompile>
    <ClCompile Include="C:\Users\Adrian\Desktop\legionleaked\dep\protobuf\src\google\protobuf\stubs\once.cc">
      <Filter>Source Files</Filter>
    </ClCompile>
    <ClCompile Include="C:\Users\Adrian\Desktop\legionleaked\dep\protobuf\src\google\protobuf\stubs\stringprintf.cc">
      <Filter>Source Files</Filter>
    </ClCompile>
    <ClCompile Include="C:\Users\Adrian\Desktop\legionleaked\dep\protobuf\src\google\protobuf\stubs\structurally_valid.cc">
      <Filter>Source Files</Filter>
    </ClCompile>
    <ClCompile Include="C:\Users\Adrian\Desktop\legionleaked\dep\protobuf\src\google\protobuf\stubs\strutil.cc">
      <Filter>Source Files</Filter>
    </ClCompile>
    <ClCompile Include="C:\Users\Adrian\Desktop\legionleaked\dep\protobuf\src\google\protobuf\stubs\substitute.cc">
      <Filter>Source Files</Filter>
    </ClCompile>
    <ClCompile Include="C:\Users\Adrian\Desktop\legionleaked\dep\protobuf\src\google\protobuf\text_format.cc">
      <Filter>Source Files</Filter>
    </ClCompile>
    <ClCompile Include="C:\Users\Adrian\Desktop\legionleaked\dep\protobuf\src\google\protobuf\unknown_field_set.cc">
      <Filter>Source Files</Filter>
    </ClCompile>
    <ClCompile Include="C:\Users\Adrian\Desktop\legionleaked\dep\protobuf\src\google\protobuf\wire_format.cc">
      <Filter>Source Files</Filter>
    </ClCompile>
    <ClCompile Include="C:\Users\Adrian\Desktop\legionleaked\dep\protobuf\src\google\protobuf\wire_format_lite.cc">
      <Filter>Source Files</Filter>
    </ClCompile>
    <ClCompile Include="C:\Users\Adrian\Desktop\legionleaked\dep\protobuf\src\google\protobuf\stubs\atomicops_internals_x86_msvc.cc">
      <Filter>Source Files</Filter>
    </ClCompile>
  </ItemGroup>
  <ItemGroup>
    <CustomBuild Include="C:\Users\Adrian\Desktop\legionleaked\dep\protobuf\CMakeLists.txt" />
  </ItemGroup>
  <ItemGroup>
    <Filter Include="Source Files">
      <UniqueIdentifier>{A5E0F200-931D-361E-B3F7-54A666CD7FF3}</UniqueIdentifier>
    </Filter>
  </ItemGroup>
</Project>
