<?xml version="1.0" encoding="UTF-8"?>
<Project ToolsVersion="14.0" xmlns="http://schemas.microsoft.com/developer/msbuild/2003">
  <ItemGroup>
    <ClCompile Include="C:\Users\Adrian\Desktop\legionleaked\dep\gsoap\httpget.cpp">
      <Filter>Source Files</Filter>
    </ClCompile>
    <ClCompile Include="C:\Users\Adrian\Desktop\legionleaked\dep\gsoap\httppost.cpp">
      <Filter>Source Files</Filter>
    </ClCompile>
    <ClCompile Include="C:\Users\Adrian\Desktop\legionleaked\dep\gsoap\soapC.cpp">
      <Filter>Source Files</Filter>
    </ClCompile>
    <ClCompile Include="C:\Users\Adrian\Desktop\legionleaked\dep\gsoap\soapServer.cpp">
      <Filter>Source Files</Filter>
    </ClCompile>
    <ClCompile Include="C:\Users\Adrian\Desktop\legionleaked\dep\gsoap\stdsoap2.cpp">
      <Filter>Source Files</Filter>
    </ClCompile>
  </ItemGroup>
  <ItemGroup>
    <ClInclude Include="C:\Users\Adrian\Desktop\legionleaked\dep\gsoap\httpget.h">
      <Filter>Header Files</Filter>
    </ClInclude>
    <ClInclude Include="C:\Users\Adrian\Desktop\legionleaked\dep\gsoap\httppost.h">
      <Filter>Header Files</Filter>
    </ClInclude>
    <ClInclude Include="C:\Users\Adrian\Desktop\legionleaked\dep\gsoap\soapH.h">
      <Filter>Header Files</Filter>
    </ClInclude>
    <ClInclude Include="C:\Users\Adrian\Desktop\legionleaked\dep\gsoap\soapStub.h">
      <Filter>Header Files</Filter>
    </ClInclude>
    <ClInclude Include="C:\Users\Adrian\Desktop\legionleaked\dep\gsoap\stdsoap2.h">
      <Filter>Header Files</Filter>
    </ClInclude>
  </ItemGroup>
  <ItemGroup>
    <CustomBuild Include="C:\Users\Adrian\Desktop\legionleaked\dep\gsoap\CMakeLists.txt" />
  </ItemGroup>
  <ItemGroup>
    <Filter Include="Source Files">
      <UniqueIdentifier>{A5E0F200-931D-361E-B3F7-54A666CD7FF3}</UniqueIdentifier>
    </Filter>
    <Filter Include="Header Files">
      <UniqueIdentifier>{6E49B63A-CFF9-362D-B168-500582E61222}</UniqueIdentifier>
    </Filter>
  </ItemGroup>
</Project>
