<?xml version="1.0" encoding="UTF-8"?>
<Project ToolsVersion="14.0" xmlns="http://schemas.microsoft.com/developer/msbuild/2003">
  <ItemGroup>
    <ClCompile Include="C:\Users\Adrian\Desktop\legionleaked\dep\recastnavigation\Recast\Source\Recast.cpp">
      <Filter>Source Files</Filter>
    </ClCompile>
    <ClCompile Include="C:\Users\Adrian\Desktop\legionleaked\dep\recastnavigation\Recast\Source\RecastAlloc.cpp">
      <Filter>Source Files</Filter>
    </ClCompile>
    <ClCompile Include="C:\Users\Adrian\Desktop\legionleaked\dep\recastnavigation\Recast\Source\RecastArea.cpp">
      <Filter>Source Files</Filter>
    </ClCompile>
    <ClCompile Include="C:\Users\Adrian\Desktop\legionleaked\dep\recastnavigation\Recast\Source\RecastContour.cpp">
      <Filter>Source Files</Filter>
    </ClCompile>
    <ClCompile Include="C:\Users\Adrian\Desktop\legionleaked\dep\recastnavigation\Recast\Source\RecastFilter.cpp">
      <Filter>Source Files</Filter>
    </ClCompile>
    <ClCompile Include="C:\Users\Adrian\Desktop\legionleaked\dep\recastnavigation\Recast\Source\RecastLayers.cpp">
      <Filter>Source Files</Filter>
    </ClCompile>
    <ClCompile Include="C:\Users\Adrian\Desktop\legionleaked\dep\recastnavigation\Recast\Source\RecastMesh.cpp">
      <Filter>Source Files</Filter>
    </ClCompile>
    <ClCompile Include="C:\Users\Adrian\Desktop\legionleaked\dep\recastnavigation\Recast\Source\RecastMeshDetail.cpp">
      <Filter>Source Files</Filter>
    </ClCompile>
    <ClCompile Include="C:\Users\Adrian\Desktop\legionleaked\dep\recastnavigation\Recast\Source\RecastRasterization.cpp">
      <Filter>Source Files</Filter>
    </ClCompile>
    <ClCompile Include="C:\Users\Adrian\Desktop\legionleaked\dep\recastnavigation\Recast\Source\RecastRegion.cpp">
      <Filter>Source Files</Filter>
    </ClCompile>
  </ItemGroup>
  <ItemGroup>
    <CustomBuild Include="C:\Users\Adrian\Desktop\legionleaked\dep\recastnavigation\Recast\CMakeLists.txt" />
  </ItemGroup>
  <ItemGroup>
    <Filter Include="Source Files">
      <UniqueIdentifier>{A5E0F200-931D-361E-B3F7-54A666CD7FF3}</UniqueIdentifier>
    </Filter>
  </ItemGroup>
</Project>
